
Microsoft Visual Studio Solution File, Format Version 12.00
# Visual Studio Version 16
VisualStudioVersion = 16.0.31727.386
MinimumVisualStudioVersion = 10.0.40219.1
Project("{FAE04EC0-301F-11D3-BF4B-00C04F79EFBC}") = "FPU3C_Ejemplo1", "FPU3C_Ejemplo1.csproj", "{8DB7DAB8-57C1-4139-8ED5-310262FB586B}"
EndProject
Global
	GlobalSection(SolutionConfigurationPlatforms) = preSolution
		Debug|Any CPU = Debug|Any CPU
		Release|Any CPU = Release|Any CPU
	EndGlobalSection
	GlobalSection(ProjectConfigurationPlatforms) = postSolution
		{8DB7DAB8-57C1-4139-8ED5-310262FB586B}.Debug|Any CPU.ActiveCfg = Debug|Any CPU
		{8DB7DAB8-57C1-4139-8ED5-310262FB586B}.Debug|Any CPU.Build.0 = Debug|Any CPU
		{8DB7DAB8-57C1-4139-8ED5-310262FB586B}.Release|Any CPU.ActiveCfg = Release|Any CPU
		{8DB7DAB8-57C1-4139-8ED5-310262FB586B}.Release|Any CPU.Build.0 = Release|Any CPU
	EndGlobalSection
	GlobalSection(SolutionProperties) = preSolution
		HideSolutionNode = FALSE
	EndGlobalSection
	GlobalSection(ExtensibilityGlobals) = postSolution
		SolutionGuid = {EF666FE4-FCEC-4A28-937F-A94913D38F3F}
	EndGlobalSection
EndGlobal
